
Microsoft Visual Studio Solution File, Format Version 12.00
# Visual Studio Version 17
VisualStudioVersion = 17.9.34622.214
MinimumVisualStudioVersion = 10.0.40219.1
Project("{FAE04EC0-301F-11D3-BF4B-00C04F79EFBC}") = "Cotizaciones", "Cotizaciones\Cotizaciones.csproj", "{218281EC-8458-4981-A4FD-E0575DD192AA}"
EndProject
Global
	GlobalSection(SolutionConfigurationPlatforms) = preSolution
		Debug|Any CPU = Debug|Any CPU
		Release|Any CPU = Release|Any CPU
	EndGlobalSection
	GlobalSection(ProjectConfigurationPlatforms) = postSolution
		{218281EC-8458-4981-A4FD-E0575DD192AA}.Debug|Any CPU.ActiveCfg = Debug|Any CPU
		{218281EC-8458-4981-A4FD-E0575DD192AA}.Debug|Any CPU.Build.0 = Debug|Any CPU
		{218281EC-8458-4981-A4FD-E0575DD192AA}.Release|Any CPU.ActiveCfg = Release|Any CPU
		{218281EC-8458-4981-A4FD-E0575DD192AA}.Release|Any CPU.Build.0 = Release|Any CPU
	EndGlobalSection
	GlobalSection(SolutionProperties) = preSolution
		HideSolutionNode = FALSE
	EndGlobalSection
	GlobalSection(ExtensibilityGlobals) = postSolution
		SolutionGuid = {659A4C43-F5C2-4873-A8B3-69C95D7CCF9E}
	EndGlobalSection
EndGlobal
